
Microsoft Visual Studio Solution File, Format Version 12.00
# Visual Studio Version 17
VisualStudioVersion = 17.10.35027.167
MinimumVisualStudioVersion = 10.0.40219.1
Project("{FAE04EC0-301F-11D3-BF4B-00C04F79EFBC}") = "Whileson", "Whileson\Whileson.csproj", "{490BD657-02F1-48EE-9B5B-974589E0568E}"
EndProject
Global
	GlobalSection(SolutionConfigurationPlatforms) = preSolution
		Debug|Any CPU = Debug|Any CPU
		Release|Any CPU = Release|Any CPU
	EndGlobalSection
	GlobalSection(ProjectConfigurationPlatforms) = postSolution
		{490BD657-02F1-48EE-9B5B-974589E0568E}.Debug|Any CPU.ActiveCfg = Debug|Any CPU
		{490BD657-02F1-48EE-9B5B-974589E0568E}.Debug|Any CPU.Build.0 = Debug|Any CPU
		{490BD657-02F1-48EE-9B5B-974589E0568E}.Release|Any CPU.ActiveCfg = Release|Any CPU
		{490BD657-02F1-48EE-9B5B-974589E0568E}.Release|Any CPU.Build.0 = Release|Any CPU
	EndGlobalSection
	GlobalSection(SolutionProperties) = preSolution
		HideSolutionNode = FALSE
	EndGlobalSection
	GlobalSection(ExtensibilityGlobals) = postSolution
		SolutionGuid = {C57C8095-6F38-4CA3-B3A6-32196C8F6604}
	EndGlobalSection
EndGlobal
